
Microsoft Visual Studio Solution File, Format Version 12.00
# Visual Studio Version 17
VisualStudioVersion = 17.8.34309.116
MinimumVisualStudioVersion = 10.0.40219.1
Project("{2150E333-8FDC-42A3-9474-1A3956D46DE8}") = "Services", "Services", "{C2C001C8-1C5C-4295-B017-7D00CFC452BF}"
EndProject
Project("{2150E333-8FDC-42A3-9474-1A3956D46DE8}") = "Catalog", "Catalog", "{57F056DE-9B6B-4E0D-BF24-25DEA34CE507}"
EndProject
Project("{9A19103F-16F7-4668-BE54-9A1E7A4F7556}") = "Catalog.API", "Services\Catalog\Catalog.API\Catalog.API.csproj", "{88272CB1-3B47-456B-80AB-1B4D21DB5353}"
EndProject
Project("{E53339B2-1760-4266-BCC7-CA923CBCF16C}") = "docker-compose", "docker-compose.dcproj", "{7371212D-3B6B-460C-9C86-99B8EF8DBAFB}"
EndProject
Project("{2150E333-8FDC-42A3-9474-1A3956D46DE8}") = "Basket", "Basket", "{A5C63D89-33D8-4D75-9813-B0ECBBFC8D82}"
EndProject
Project("{9A19103F-16F7-4668-BE54-9A1E7A4F7556}") = "Basket.API", "Services\Basket\Basket.API\Basket.API.csproj", "{75DBCE99-36C3-4E0C-9E86-74003DB6F70B}"
EndProject
Project("{2150E333-8FDC-42A3-9474-1A3956D46DE8}") = "Discount", "Discount", "{7D5A0090-2332-443E-908D-8CC3000CD236}"
EndProject
Project("{9A19103F-16F7-4668-BE54-9A1E7A4F7556}") = "Discount.API", "Services\Discount\Discount.API\Discount.API.csproj", "{3C1D0F9F-831D-47B7-B99C-0C5284C425B6}"
EndProject
Project("{9A19103F-16F7-4668-BE54-9A1E7A4F7556}") = "Discount.Grpc", "Services\Discount\Discount.Grpc\Discount.Grpc.csproj", "{BE1CF27E-DB87-46CE-B186-B1707AA9B4D3}"
EndProject
Project("{2150E333-8FDC-42A3-9474-1A3956D46DE8}") = "Ordering", "Ordering", "{E7253B3F-E4D0-47B4-BE5F-85F4B5222A97}"
EndProject
Project("{9A19103F-16F7-4668-BE54-9A1E7A4F7556}") = "Ordering.API", "Services\Ordering\Ordering.API\Ordering.API.csproj", "{A49C9C80-4BE6-4AC9-9050-4DC82DDF2612}"
EndProject
Project("{9A19103F-16F7-4668-BE54-9A1E7A4F7556}") = "Ordering.Domain", "Services\Ordering\Ordering.Domain\Ordering.Domain.csproj", "{73B57912-9D2F-45AD-8CE4-7A5D2FEE901B}"
EndProject
Project("{9A19103F-16F7-4668-BE54-9A1E7A4F7556}") = "Ordering.Application", "Services\Ordering\Ordering.Application\Ordering.Application.csproj", "{F0BF0040-D8DD-4ADC-B779-A4ED65A37840}"
EndProject
Project("{9A19103F-16F7-4668-BE54-9A1E7A4F7556}") = "Ordering.Infrastructure", "Services\Ordering\Ordering.Infrastructure\Ordering.Infrastructure.csproj", "{A31E1BE2-C0D2-4DF2-A972-215A4F919C1C}"
EndProject
Project("{2150E333-8FDC-42A3-9474-1A3956D46DE8}") = "BuildingBlocks", "BuildingBlocks", "{E40A39CE-1FD3-4DDB-AE12-D2BDFF965221}"
EndProject
Project("{9A19103F-16F7-4668-BE54-9A1E7A4F7556}") = "EventBus.Messages", "BuildingBlocks\EventBus.Messages\EventBus.Messages.csproj", "{4BA5188D-8C51-4C97-8359-9332354105E9}"
EndProject
Project("{2150E333-8FDC-42A3-9474-1A3956D46DE8}") = "ApiGateways", "ApiGateways", "{325C10B0-B401-4651-911A-FEAE3CC853FE}"
EndProject
Project("{9A19103F-16F7-4668-BE54-9A1E7A4F7556}") = "OcelotApiGw", "ApiGateways\OcelotApiGw\OcelotApiGw.csproj", "{365B8AB8-9967-4CF1-A7A6-8AB3243ECCB7}"
EndProject
Project("{9A19103F-16F7-4668-BE54-9A1E7A4F7556}") = "Shopping.Aggregator", "ApiGateways\Shopping.Aggregator\Shopping.Aggregator.csproj", "{3DF71E71-7EDE-4094-9612-CB8D77EA679B}"
EndProject
Project("{2150E333-8FDC-42A3-9474-1A3956D46DE8}") = "WebApps", "WebApps", "{1F7E3D64-782E-44C4-85C2-8DB6106EBCCD}"
EndProject
Project("{9A19103F-16F7-4668-BE54-9A1E7A4F7556}") = "AspnetRunBasics", "WebApps\AspnetRunBasics\AspnetRunBasics.csproj", "{E4985876-C063-4064-BEF9-32CA8BF0AAF0}"
EndProject
Project("{FAE04EC0-301F-11D3-BF4B-00C04F79EFBC}") = "Common.Logging", "BuildingBlocks\Common.Logging\Common.Logging.csproj", "{BFE95A31-6EA2-46A6-AEDE-78F515E2DCAE}"
EndProject
Project("{FAE04EC0-301F-11D3-BF4B-00C04F79EFBC}") = "WebStatus", "WebApps\WebStatus\WebStatus.csproj", "{7C628A78-D6A0-4A69-8F04-66723CAFFC82}"
EndProject
Global
	GlobalSection(SolutionConfigurationPlatforms) = preSolution
		Debug|Any CPU = Debug|Any CPU
		Release|Any CPU = Release|Any CPU
	EndGlobalSection
	GlobalSection(ProjectConfigurationPlatforms) = postSolution
		{88272CB1-3B47-456B-80AB-1B4D21DB5353}.Debug|Any CPU.ActiveCfg = Debug|Any CPU
		{88272CB1-3B47-456B-80AB-1B4D21DB5353}.Debug|Any CPU.Build.0 = Debug|Any CPU
		{88272CB1-3B47-456B-80AB-1B4D21DB5353}.Release|Any CPU.ActiveCfg = Release|Any CPU
		{88272CB1-3B47-456B-80AB-1B4D21DB5353}.Release|Any CPU.Build.0 = Release|Any CPU
		{7371212D-3B6B-460C-9C86-99B8EF8DBAFB}.Debug|Any CPU.ActiveCfg = Debug|Any CPU
		{7371212D-3B6B-460C-9C86-99B8EF8DBAFB}.Debug|Any CPU.Build.0 = Debug|Any CPU
		{7371212D-3B6B-460C-9C86-99B8EF8DBAFB}.Release|Any CPU.ActiveCfg = Release|Any CPU
		{7371212D-3B6B-460C-9C86-99B8EF8DBAFB}.Release|Any CPU.Build.0 = Release|Any CPU
		{75DBCE99-36C3-4E0C-9E86-74003DB6F70B}.Debug|Any CPU.ActiveCfg = Debug|Any CPU
		{75DBCE99-36C3-4E0C-9E86-74003DB6F70B}.Debug|Any CPU.Build.0 = Debug|Any CPU
		{75DBCE99-36C3-4E0C-9E86-74003DB6F70B}.Release|Any CPU.ActiveCfg = Release|Any CPU
		{75DBCE99-36C3-4E0C-9E86-74003DB6F70B}.Release|Any CPU.Build.0 = Release|Any CPU
		{3C1D0F9F-831D-47B7-B99C-0C5284C425B6}.Debug|Any CPU.ActiveCfg = Debug|Any CPU
		{3C1D0F9F-831D-47B7-B99C-0C5284C425B6}.Debug|Any CPU.Build.0 = Debug|Any CPU
		{3C1D0F9F-831D-47B7-B99C-0C5284C425B6}.Release|Any CPU.ActiveCfg = Release|Any CPU
		{3C1D0F9F-831D-47B7-B99C-0C5284C425B6}.Release|Any CPU.Build.0 = Release|Any CPU
		{BE1CF27E-DB87-46CE-B186-B1707AA9B4D3}.Debug|Any CPU.ActiveCfg = Debug|Any CPU
		{BE1CF27E-DB87-46CE-B186-B1707AA9B4D3}.Debug|Any CPU.Build.0 = Debug|Any CPU
		{BE1CF27E-DB87-46CE-B186-B1707AA9B4D3}.Release|Any CPU.ActiveCfg = Release|Any CPU
		{BE1CF27E-DB87-46CE-B186-B1707AA9B4D3}.Release|Any CPU.Build.0 = Release|Any CPU
		{A49C9C80-4BE6-4AC9-9050-4DC82DDF2612}.Debug|Any CPU.ActiveCfg = Debug|Any CPU
		{A49C9C80-4BE6-4AC9-9050-4DC82DDF2612}.Debug|Any CPU.Build.0 = Debug|Any CPU
		{A49C9C80-4BE6-4AC9-9050-4DC82DDF2612}.Release|Any CPU.ActiveCfg = Release|Any CPU
		{A49C9C80-4BE6-4AC9-9050-4DC82DDF2612}.Release|Any CPU.Build.0 = Release|Any CPU
		{73B57912-9D2F-45AD-8CE4-7A5D2FEE901B}.Debug|Any CPU.ActiveCfg = Debug|Any CPU
		{73B57912-9D2F-45AD-8CE4-7A5D2FEE901B}.Debug|Any CPU.Build.0 = Debug|Any CPU
		{73B57912-9D2F-45AD-8CE4-7A5D2FEE901B}.Release|Any CPU.ActiveCfg = Release|Any CPU
		{73B57912-9D2F-45AD-8CE4-7A5D2FEE901B}.Release|Any CPU.Build.0 = Release|Any CPU
		{F0BF0040-D8DD-4ADC-B779-A4ED65A37840}.Debug|Any CPU.ActiveCfg = Debug|Any CPU
		{F0BF0040-D8DD-4ADC-B779-A4ED65A37840}.Debug|Any CPU.Build.0 = Debug|Any CPU
		{F0BF0040-D8DD-4ADC-B779-A4ED65A37840}.Release|Any CPU.ActiveCfg = Release|Any CPU
		{F0BF0040-D8DD-4ADC-B779-A4ED65A37840}.Release|Any CPU.Build.0 = Release|Any CPU
		{A31E1BE2-C0D2-4DF2-A972-215A4F919C1C}.Debug|Any CPU.ActiveCfg = Debug|Any CPU
		{A31E1BE2-C0D2-4DF2-A972-215A4F919C1C}.Debug|Any CPU.Build.0 = Debug|Any CPU
		{A31E1BE2-C0D2-4DF2-A972-215A4F919C1C}.Release|Any CPU.ActiveCfg = Release|Any CPU
		{A31E1BE2-C0D2-4DF2-A972-215A4F919C1C}.Release|Any CPU.Build.0 = Release|Any CPU
		{4BA5188D-8C51-4C97-8359-9332354105E9}.Debug|Any CPU.ActiveCfg = Debug|Any CPU
		{4BA5188D-8C51-4C97-8359-9332354105E9}.Debug|Any CPU.Build.0 = Debug|Any CPU
		{4BA5188D-8C51-4C97-8359-9332354105E9}.Release|Any CPU.ActiveCfg = Release|Any CPU
		{4BA5188D-8C51-4C97-8359-9332354105E9}.Release|Any CPU.Build.0 = Release|Any CPU
		{365B8AB8-9967-4CF1-A7A6-8AB3243ECCB7}.Debug|Any CPU.ActiveCfg = Debug|Any CPU
		{365B8AB8-9967-4CF1-A7A6-8AB3243ECCB7}.Debug|Any CPU.Build.0 = Debug|Any CPU
		{365B8AB8-9967-4CF1-A7A6-8AB3243ECCB7}.Release|Any CPU.ActiveCfg = Release|Any CPU
		{365B8AB8-9967-4CF1-A7A6-8AB3243ECCB7}.Release|Any CPU.Build.0 = Release|Any CPU
		{3DF71E71-7EDE-4094-9612-CB8D77EA679B}.Debug|Any CPU.ActiveCfg = Debug|Any CPU
		{3DF71E71-7EDE-4094-9612-CB8D77EA679B}.Debug|Any CPU.Build.0 = Debug|Any CPU
		{3DF71E71-7EDE-4094-9612-CB8D77EA679B}.Release|Any CPU.ActiveCfg = Release|Any CPU
		{3DF71E71-7EDE-4094-9612-CB8D77EA679B}.Release|Any CPU.Build.0 = Release|Any CPU
		{E4985876-C063-4064-BEF9-32CA8BF0AAF0}.Debug|Any CPU.ActiveCfg = Debug|Any CPU
		{E4985876-C063-4064-BEF9-32CA8BF0AAF0}.Debug|Any CPU.Build.0 = Debug|Any CPU
		{E4985876-C063-4064-BEF9-32CA8BF0AAF0}.Release|Any CPU.ActiveCfg = Release|Any CPU
		{E4985876-C063-4064-BEF9-32CA8BF0AAF0}.Release|Any CPU.Build.0 = Release|Any CPU
		{BFE95A31-6EA2-46A6-AEDE-78F515E2DCAE}.Debug|Any CPU.ActiveCfg = Debug|Any CPU
		{BFE95A31-6EA2-46A6-AEDE-78F515E2DCAE}.Debug|Any CPU.Build.0 = Debug|Any CPU
		{BFE95A31-6EA2-46A6-AEDE-78F515E2DCAE}.Release|Any CPU.ActiveCfg = Release|Any CPU
		{BFE95A31-6EA2-46A6-AEDE-78F515E2DCAE}.Release|Any CPU.Build.0 = Release|Any CPU
		{7C628A78-D6A0-4A69-8F04-66723CAFFC82}.Debug|Any CPU.ActiveCfg = Debug|Any CPU
		{7C628A78-D6A0-4A69-8F04-66723CAFFC82}.Debug|Any CPU.Build.0 = Debug|Any CPU
		{7C628A78-D6A0-4A69-8F04-66723CAFFC82}.Release|Any CPU.ActiveCfg = Release|Any CPU
		{7C628A78-D6A0-4A69-8F04-66723CAFFC82}.Release|Any CPU.Build.0 = Release|Any CPU
	EndGlobalSection
	GlobalSection(SolutionProperties) = preSolution
		HideSolutionNode = FALSE
	EndGlobalSection
	GlobalSection(NestedProjects) = preSolution
		{57F056DE-9B6B-4E0D-BF24-25DEA34CE507} = {C2C001C8-1C5C-4295-B017-7D00CFC452BF}
		{88272CB1-3B47-456B-80AB-1B4D21DB5353} = {57F056DE-9B6B-4E0D-BF24-25DEA34CE507}
		{A5C63D89-33D8-4D75-9813-B0ECBBFC8D82} = {C2C001C8-1C5C-4295-B017-7D00CFC452BF}
		{75DBCE99-36C3-4E0C-9E86-74003DB6F70B} = {A5C63D89-33D8-4D75-9813-B0ECBBFC8D82}
		{7D5A0090-2332-443E-908D-8CC3000CD236} = {C2C001C8-1C5C-4295-B017-7D00CFC452BF}
		{3C1D0F9F-831D-47B7-B99C-0C5284C425B6} = {7D5A0090-2332-443E-908D-8CC3000CD236}
		{BE1CF27E-DB87-46CE-B186-B1707AA9B4D3} = {7D5A0090-2332-443E-908D-8CC3000CD236}
		{E7253B3F-E4D0-47B4-BE5F-85F4B5222A97} = {C2C001C8-1C5C-4295-B017-7D00CFC452BF}
		{A49C9C80-4BE6-4AC9-9050-4DC82DDF2612} = {E7253B3F-E4D0-47B4-BE5F-85F4B5222A97}
		{73B57912-9D2F-45AD-8CE4-7A5D2FEE901B} = {E7253B3F-E4D0-47B4-BE5F-85F4B5222A97}
		{F0BF0040-D8DD-4ADC-B779-A4ED65A37840} = {E7253B3F-E4D0-47B4-BE5F-85F4B5222A97}
		{A31E1BE2-C0D2-4DF2-A972-215A4F919C1C} = {E7253B3F-E4D0-47B4-BE5F-85F4B5222A97}
		{4BA5188D-8C51-4C97-8359-9332354105E9} = {E40A39CE-1FD3-4DDB-AE12-D2BDFF965221}
		{365B8AB8-9967-4CF1-A7A6-8AB3243ECCB7} = {325C10B0-B401-4651-911A-FEAE3CC853FE}
		{3DF71E71-7EDE-4094-9612-CB8D77EA679B} = {325C10B0-B401-4651-911A-FEAE3CC853FE}
		{E4985876-C063-4064-BEF9-32CA8BF0AAF0} = {1F7E3D64-782E-44C4-85C2-8DB6106EBCCD}
		{BFE95A31-6EA2-46A6-AEDE-78F515E2DCAE} = {E40A39CE-1FD3-4DDB-AE12-D2BDFF965221}
		{7C628A78-D6A0-4A69-8F04-66723CAFFC82} = {1F7E3D64-782E-44C4-85C2-8DB6106EBCCD}
	EndGlobalSection
	GlobalSection(ExtensibilityGlobals) = postSolution
		SolutionGuid = {F3BCED49-CA86-4632-BC54-757B4F87E306}
	EndGlobalSection
EndGlobal
